
Microsoft Visual Studio Solution File, Format Version 12.00
# Visual Studio Version 17
VisualStudioVersion = 17.1.32421.90
MinimumVisualStudioVersion = 10.0.40219.1
Project("{FAE04EC0-301F-11D3-BF4B-00C04F79EFBC}") = "HolidaySearchKata", "HolidaySearchKata\HolidaySearchKata.csproj", "{5CB57555-0B6D-4537-B755-7886E63D690C}"
EndProject
Global
	GlobalSection(SolutionConfigurationPlatforms) = preSolution
		Debug|Any CPU = Debug|Any CPU
		Release|Any CPU = Release|Any CPU
	EndGlobalSection
	GlobalSection(ProjectConfigurationPlatforms) = postSolution
		{5CB57555-0B6D-4537-B755-7886E63D690C}.Debug|Any CPU.ActiveCfg = Debug|Any CPU
		{5CB57555-0B6D-4537-B755-7886E63D690C}.Debug|Any CPU.Build.0 = Debug|Any CPU
		{5CB57555-0B6D-4537-B755-7886E63D690C}.Release|Any CPU.ActiveCfg = Release|Any CPU
		{5CB57555-0B6D-4537-B755-7886E63D690C}.Release|Any CPU.Build.0 = Release|Any CPU
	EndGlobalSection
	GlobalSection(SolutionProperties) = preSolution
		HideSolutionNode = FALSE
	EndGlobalSection
	GlobalSection(ExtensibilityGlobals) = postSolution
		SolutionGuid = {49C92C4B-028A-41D0-A80C-8A7627234948}
	EndGlobalSection
EndGlobal
